<?xml version="1.0" encoding="utf-8"?>
<Project ToolsVersion="15.0" xmlns="http://schemas.microsoft.com/developer/msbuild/2003">
  <ItemGroup>
    <ClInclude Include="src\rcr\vds\io\pin_io.hh">
      <Filter>rcr\vds\io</Filter>
    </ClInclude>
    <ClInclude Include="src\rcr\vds\blades\limit_switches.hh">
      <Filter>rcr\vds\blades</Filter>
    </ClInclude>
    <ClInclude Include="src\rcr\sensors\vn\vectornav.hh">
      <Filter>rcr\sensors\vn</Filter>
    </ClInclude>
    <ClInclude Include="src\rcr\util\publish.h">
      <Filter>rcr\util</Filter>
    </ClInclude>
    <ClInclude Include="src\rcr\maths\rcr_maths.hh">
      <Filter>rcr\maths</Filter>
    </ClInclude>
    <ClInclude Include="lib\cpp-mediator\include\cpp_mediator\mediator.hpp">
      <Filter>cpp_mediator</Filter>
    </ClInclude>
    <ClInclude Include="lib\vectornav-firmware-1.1\c\include\vn\bool.h">
      <Filter>vn</Filter>
    </ClInclude>
    <ClInclude Include="lib\vectornav-firmware-1.1\c\include\vn\const.h">
      <Filter>vn</Filter>
    </ClInclude>
    <ClInclude Include="lib\vectornav-firmware-1.1\c\include\vn\conv.h">
      <Filter>vn</Filter>
    </ClInclude>
    <ClInclude Include="lib\vectornav-firmware-1.1\c\include\vn\enum.h">
      <Filter>vn</Filter>
    </ClInclude>
    <ClInclude Include="lib\vectornav-firmware-1.1\c\include\vn\error.h">
      <Filter>vn</Filter>
    </ClInclude>
    <ClInclude Include="lib\vectornav-firmware-1.1\c\include\vn\error_detection.h">
      <Filter>vn</Filter>
    </ClInclude>
    <ClInclude Include="lib\vectornav-firmware-1.1\c\include\vn\int.h">
      <Filter>vn</Filter>
    </ClInclude>
    <ClInclude Include="lib\vectornav-firmware-1.1\c\include\vn\sensors.h">
      <Filter>vn</Filter>
    </ClInclude>
    <ClInclude Include="lib\vectornav-firmware-1.1\c\include\vn\types.h">
      <Filter>vn</Filter>
    </ClInclude>
    <ClInclude Include="lib\vectornav-firmware-1.1\c\include\vn\util.h">
      <Filter>vn</Filter>
    </ClInclude>
    <ClInclude Include="lib\vectornav-firmware-1.1\c\include\vn\vectornav.h">
      <Filter>vn</Filter>
    </ClInclude>
    <ClInclude Include="lib\vectornav-firmware-1.1\c\include\vn\math\vector.h">
      <Filter>vn\math</Filter>
    </ClInclude>
    <ClInclude Include="lib\vectornav-firmware-1.1\c\include\vn\math\matrix.h">
      <Filter>vn\math</Filter>
    </ClInclude>
    <ClInclude Include="lib\vectornav-firmware-1.1\c\include\vn\protocol\common.h">
      <Filter>vn\protocol</Filter>
    </ClInclude>
    <ClInclude Include="lib\vectornav-firmware-1.1\c\include\vn\protocol\spi.h">
      <Filter>vn\protocol</Filter>
    </ClInclude>
    <ClInclude Include="lib\vectornav-firmware-1.1\c\include\vn\protocol\upack.h">
      <Filter>vn\protocol</Filter>
    </ClInclude>
    <ClInclude Include="lib\vectornav-firmware-1.1\c\include\vn\protocol\upackf.h">
      <Filter>vn\protocol</Filter>
    </ClInclude>
    <ClInclude Include="lib\vectornav-firmware-1.1\c\include\vn\xplat\criticalsection.h">
      <Filter>vn\xplat</Filter>
    </ClInclude>
    <ClInclude Include="lib\vectornav-firmware-1.1\c\include\vn\xplat\event.h">
      <Filter>vn\xplat</Filter>
    </ClInclude>
    <ClInclude Include="lib\vectornav-firmware-1.1\c\include\vn\xplat\serialport.h">
      <Filter>vn\xplat</Filter>
    </ClInclude>
    <ClInclude Include="lib\vectornav-firmware-1.1\c\include\vn\xplat\thread.h">
      <Filter>vn\xplat</Filter>
    </ClInclude>
    <ClInclude Include="lib\vectornav-firmware-1.1\c\include\vn\xplat\time.h">
      <Filter>vn\xplat</Filter>
    </ClInclude>
    <ClInclude Include="lib\vectornav-firmware-1.1\c\include\vn\util\compiler.h">
      <Filter>vn\util</Filter>
    </ClInclude>
    <ClInclude Include="lib\vectornav-firmware-1.1\c\include\vn\util\export.h">
      <Filter>vn\util</Filter>
    </ClInclude>
    <ClInclude Include="lib\vectornav-firmware-1.1\c\include\vn\util\port.h">
      <Filter>vn\util</Filter>
    </ClInclude>
    <ClInclude Include="lib\vectornav-firmware-1.1\c\include\vn\sensors\compositedata.h">
      <Filter>vn\sensors</Filter>
    </ClInclude>
    <ClInclude Include="lib\vectornav-firmware-1.1\c\include\vn\sensors\ezasyncdata.h">
      <Filter>vn\sensors</Filter>
    </ClInclude>
    <ClInclude Include="lib\vectornav-firmware-1.1\c\include\vn\sensors\searcher.h">
      <Filter>vn\sensors</Filter>
    </ClInclude>
  </ItemGroup>
  <ItemGroup>
    <Filter Include="rcr">
      <UniqueIdentifier>{f25fc387-9a53-4931-b11f-3206872c3609}</UniqueIdentifier>
    </Filter>
    <Filter Include="rcr\vds">
      <UniqueIdentifier>{5821b232-9eb9-47d9-a438-8f161927e0fc}</UniqueIdentifier>
    </Filter>
    <Filter Include="rcr\maths">
      <UniqueIdentifier>{f4127ca6-ab1a-49c5-a7dd-168e238f0a98}</UniqueIdentifier>
    </Filter>
    <Filter Include="rcr\vds\io">
      <UniqueIdentifier>{eeec3222-deca-4097-bc61-a42f8a0757ef}</UniqueIdentifier>
    </Filter>
    <Filter Include="rcr\vds\blades">
      <UniqueIdentifier>{4d4abdf6-728a-46f2-a5d3-95bde1ca7712}</UniqueIdentifier>
    </Filter>
    <Filter Include="rcr\sensors">
      <UniqueIdentifier>{6af95586-3983-4bba-8204-dbb57d2797f9}</UniqueIdentifier>
    </Filter>
    <Filter Include="rcr\sensors\vn">
      <UniqueIdentifier>{6f39fd2f-1072-4c78-ae8a-b47141fbb527}</UniqueIdentifier>
    </Filter>
    <Filter Include="rcr\util">
      <UniqueIdentifier>{ad4bca3b-b51b-470e-8283-8d35ee7f9f69}</UniqueIdentifier>
    </Filter>
    <Filter Include="cpp_mediator">
      <UniqueIdentifier>{bbe49a88-0963-4749-b017-89c3c3d2fb3e}</UniqueIdentifier>
    </Filter>
    <Filter Include="vn">
      <UniqueIdentifier>{71bba008-f021-4b56-8c80-06a1ed6eab74}</UniqueIdentifier>
    </Filter>
    <Filter Include="vn\math">
      <UniqueIdentifier>{7de5e2f6-038e-4b32-a352-820f5a323008}</UniqueIdentifier>
    </Filter>
    <Filter Include="vn\protocol">
      <UniqueIdentifier>{348aa846-4edd-43a2-9bee-c4abb56bd846}</UniqueIdentifier>
    </Filter>
    <Filter Include="vn\sensors">
      <UniqueIdentifier>{51f7541a-534f-4433-ab69-50ef73295073}</UniqueIdentifier>
    </Filter>
    <Filter Include="vn\util">
      <UniqueIdentifier>{be2926e7-79d1-424c-a860-c9aab87de441}</UniqueIdentifier>
    </Filter>
    <Filter Include="vn\xplat">
      <UniqueIdentifier>{8382ef00-0622-4aa9-b5ea-2a94ecc4a477}</UniqueIdentifier>
    </Filter>
  </ItemGroup>
  <ItemGroup>
    <ClCompile Include="src\rcr\vds\io\pin_io.cc">
      <Filter>rcr\vds\io</Filter>
    </ClCompile>
    <ClCompile Include="src\rcr\vds\vds.cc">
      <Filter>rcr\vds</Filter>
    </ClCompile>
  </ItemGroup>
  <ItemGroup>
    <None Include="Makefile" />
  </ItemGroup>
</Project>